
Microsoft Visual Studio Solution File, Format Version 12.00
# Visual Studio Version 17
VisualStudioVersion = 17.0.31611.283
MinimumVisualStudioVersion = 10.0.40219.1
Project("{9A19103F-16F7-4668-BE54-9A1E7A4F7556}") = "Tetris.Maui", "Tetris.Maui\Tetris.Maui.csproj", "{76D716AF-7BF1-4F41-931B-AB3DBE091302}"
EndProject
Project("{FAE04EC0-301F-11D3-BF4B-00C04F79EFBC}") = "Tetris", "Tetris\Tetris.csproj", "{A8B984FE-5202-486C-B8BF-12AB0B4F181B}"
EndProject
Project("{FAE04EC0-301F-11D3-BF4B-00C04F79EFBC}") = "TetrisTest", "TetrisTest\TetrisTest.csproj", "{4EC8B269-AD62-45C1-918F-7A639522AD0F}"
EndProject
Global
	GlobalSection(SolutionConfigurationPlatforms) = preSolution
		Debug|Any CPU = Debug|Any CPU
		Release|Any CPU = Release|Any CPU
	EndGlobalSection
	GlobalSection(ProjectConfigurationPlatforms) = postSolution
		{76D716AF-7BF1-4F41-931B-AB3DBE091302}.Debug|Any CPU.ActiveCfg = Debug|Any CPU
		{76D716AF-7BF1-4F41-931B-AB3DBE091302}.Debug|Any CPU.Build.0 = Debug|Any CPU
		{76D716AF-7BF1-4F41-931B-AB3DBE091302}.Debug|Any CPU.Deploy.0 = Debug|Any CPU
		{76D716AF-7BF1-4F41-931B-AB3DBE091302}.Release|Any CPU.ActiveCfg = Release|Any CPU
		{76D716AF-7BF1-4F41-931B-AB3DBE091302}.Release|Any CPU.Build.0 = Release|Any CPU
		{76D716AF-7BF1-4F41-931B-AB3DBE091302}.Release|Any CPU.Deploy.0 = Release|Any CPU
		{A8B984FE-5202-486C-B8BF-12AB0B4F181B}.Debug|Any CPU.ActiveCfg = Debug|Any CPU
		{A8B984FE-5202-486C-B8BF-12AB0B4F181B}.Debug|Any CPU.Build.0 = Debug|Any CPU
		{A8B984FE-5202-486C-B8BF-12AB0B4F181B}.Release|Any CPU.ActiveCfg = Release|Any CPU
		{A8B984FE-5202-486C-B8BF-12AB0B4F181B}.Release|Any CPU.Build.0 = Release|Any CPU
		{4EC8B269-AD62-45C1-918F-7A639522AD0F}.Debug|Any CPU.ActiveCfg = Debug|Any CPU
		{4EC8B269-AD62-45C1-918F-7A639522AD0F}.Debug|Any CPU.Build.0 = Debug|Any CPU
		{4EC8B269-AD62-45C1-918F-7A639522AD0F}.Release|Any CPU.ActiveCfg = Release|Any CPU
		{4EC8B269-AD62-45C1-918F-7A639522AD0F}.Release|Any CPU.Build.0 = Release|Any CPU
	EndGlobalSection
	GlobalSection(SolutionProperties) = preSolution
		HideSolutionNode = FALSE
	EndGlobalSection
	GlobalSection(ExtensibilityGlobals) = postSolution
		SolutionGuid = {61F7FB11-1E47-470C-91E2-47F8143E1572}
	EndGlobalSection
EndGlobal
